
Microsoft Visual Studio Solution File, Format Version 12.00
# Visual Studio Version 16
VisualStudioVersion = 16.0.31105.61
MinimumVisualStudioVersion = 10.0.40219.1
Project("{FAE04EC0-301F-11D3-BF4B-00C04F79EFBC}") = "ProjetoBancoDIO", "ProjetoBancoDIO\ProjetoBancoDIO.csproj", "{F17E8EE2-D22B-484E-953F-425D829EB535}"
EndProject
Global
	GlobalSection(SolutionConfigurationPlatforms) = preSolution
		Debug|Any CPU = Debug|Any CPU
		Release|Any CPU = Release|Any CPU
	EndGlobalSection
	GlobalSection(ProjectConfigurationPlatforms) = postSolution
		{F17E8EE2-D22B-484E-953F-425D829EB535}.Debug|Any CPU.ActiveCfg = Debug|Any CPU
		{F17E8EE2-D22B-484E-953F-425D829EB535}.Debug|Any CPU.Build.0 = Debug|Any CPU
		{F17E8EE2-D22B-484E-953F-425D829EB535}.Release|Any CPU.ActiveCfg = Release|Any CPU
		{F17E8EE2-D22B-484E-953F-425D829EB535}.Release|Any CPU.Build.0 = Release|Any CPU
	EndGlobalSection
	GlobalSection(SolutionProperties) = preSolution
		HideSolutionNode = FALSE
	EndGlobalSection
	GlobalSection(ExtensibilityGlobals) = postSolution
		SolutionGuid = {F3A10D45-493E-4907-9519-381F8CB7B328}
	EndGlobalSection
EndGlobal
